
Microsoft Visual Studio Solution File, Format Version 12.00
# Visual Studio Version 17
VisualStudioVersion = 17.1.32328.378
MinimumVisualStudioVersion = 10.0.40219.1
Project("{9A19103F-16F7-4668-BE54-9A1E7A4F7556}") = "PinewoodTechnicalTask", "PinewoodTechnicalTask\PinewoodTechnicalTask.csproj", "{B14C1C67-9E9B-44F9-9806-10CB4B7C94E7}"
EndProject
Project("{9A19103F-16F7-4668-BE54-9A1E7A4F7556}") = "CustomersAPI", "CustomersAPI\CustomersAPI.csproj", "{0601A2BF-AF9B-40A5-B740-3FE6E9083328}"
EndProject
Global
	GlobalSection(SolutionConfigurationPlatforms) = preSolution
		Debug|Any CPU = Debug|Any CPU
		Release|Any CPU = Release|Any CPU
	EndGlobalSection
	GlobalSection(ProjectConfigurationPlatforms) = postSolution
		{B14C1C67-9E9B-44F9-9806-10CB4B7C94E7}.Debug|Any CPU.ActiveCfg = Debug|Any CPU
		{B14C1C67-9E9B-44F9-9806-10CB4B7C94E7}.Debug|Any CPU.Build.0 = Debug|Any CPU
		{B14C1C67-9E9B-44F9-9806-10CB4B7C94E7}.Release|Any CPU.ActiveCfg = Release|Any CPU
		{B14C1C67-9E9B-44F9-9806-10CB4B7C94E7}.Release|Any CPU.Build.0 = Release|Any CPU
		{0601A2BF-AF9B-40A5-B740-3FE6E9083328}.Debug|Any CPU.ActiveCfg = Debug|Any CPU
		{0601A2BF-AF9B-40A5-B740-3FE6E9083328}.Debug|Any CPU.Build.0 = Debug|Any CPU
		{0601A2BF-AF9B-40A5-B740-3FE6E9083328}.Release|Any CPU.ActiveCfg = Release|Any CPU
		{0601A2BF-AF9B-40A5-B740-3FE6E9083328}.Release|Any CPU.Build.0 = Release|Any CPU
	EndGlobalSection
	GlobalSection(SolutionProperties) = preSolution
		HideSolutionNode = FALSE
	EndGlobalSection
	GlobalSection(ExtensibilityGlobals) = postSolution
		SolutionGuid = {F3925F02-4F0A-4015-9946-E13BBB56B0DC}
	EndGlobalSection
EndGlobal
